
Microsoft Visual Studio Solution File, Format Version 12.00
# Visual Studio 15
VisualStudioVersion = 15.0.28307.329
MinimumVisualStudioVersion = 10.0.40219.1
Project("{8BC9CEB8-8B4A-11D0-8D11-00A0C91BC942}") = "EXAMEN1_LAB_PROGRA3_ARTURO_RENDON", "EXAMEN1_LAB_PROGRA3_ARTURO_RENDON\EXAMEN1_LAB_PROGRA3_ARTURO_RENDON.vcxproj", "{C50FC8F5-E88D-433D-BA22-F27E5E4D1BDB}"
EndProject
Global
	GlobalSection(SolutionConfigurationPlatforms) = preSolution
		Debug|x64 = Debug|x64
		Debug|x86 = Debug|x86
		Release|x64 = Release|x64
		Release|x86 = Release|x86
	EndGlobalSection
	GlobalSection(ProjectConfigurationPlatforms) = postSolution
		{C50FC8F5-E88D-433D-BA22-F27E5E4D1BDB}.Debug|x64.ActiveCfg = Debug|x64
		{C50FC8F5-E88D-433D-BA22-F27E5E4D1BDB}.Debug|x64.Build.0 = Debug|x64
		{C50FC8F5-E88D-433D-BA22-F27E5E4D1BDB}.Debug|x86.ActiveCfg = Debug|Win32
		{C50FC8F5-E88D-433D-BA22-F27E5E4D1BDB}.Debug|x86.Build.0 = Debug|Win32
		{C50FC8F5-E88D-433D-BA22-F27E5E4D1BDB}.Release|x64.ActiveCfg = Release|x64
		{C50FC8F5-E88D-433D-BA22-F27E5E4D1BDB}.Release|x64.Build.0 = Release|x64
		{C50FC8F5-E88D-433D-BA22-F27E5E4D1BDB}.Release|x86.ActiveCfg = Release|Win32
		{C50FC8F5-E88D-433D-BA22-F27E5E4D1BDB}.Release|x86.Build.0 = Release|Win32
	EndGlobalSection
	GlobalSection(SolutionProperties) = preSolution
		HideSolutionNode = FALSE
	EndGlobalSection
	GlobalSection(ExtensibilityGlobals) = postSolution
		SolutionGuid = {9DE634B1-6AD5-424C-8B99-25F37852C095}
	EndGlobalSection
EndGlobal
